
Microsoft Visual Studio Solution File, Format Version 12.00
# Visual Studio Version 17
VisualStudioVersion = 17.8.34330.188
MinimumVisualStudioVersion = 10.0.40219.1
Project("{FAE04EC0-301F-11D3-BF4B-00C04F79EFBC}") = "EnitityFrameworkSample", "EnitityFrameworkSample\EnitityFrameworkSample.csproj", "{7C640081-C9BB-4710-9651-6D328E1320AD}"
EndProject
Global
	GlobalSection(SolutionConfigurationPlatforms) = preSolution
		Debug|Any CPU = Debug|Any CPU
		Release|Any CPU = Release|Any CPU
	EndGlobalSection
	GlobalSection(ProjectConfigurationPlatforms) = postSolution
		{7C640081-C9BB-4710-9651-6D328E1320AD}.Debug|Any CPU.ActiveCfg = Debug|Any CPU
		{7C640081-C9BB-4710-9651-6D328E1320AD}.Debug|Any CPU.Build.0 = Debug|Any CPU
		{7C640081-C9BB-4710-9651-6D328E1320AD}.Release|Any CPU.ActiveCfg = Release|Any CPU
		{7C640081-C9BB-4710-9651-6D328E1320AD}.Release|Any CPU.Build.0 = Release|Any CPU
	EndGlobalSection
	GlobalSection(SolutionProperties) = preSolution
		HideSolutionNode = FALSE
	EndGlobalSection
	GlobalSection(ExtensibilityGlobals) = postSolution
		SolutionGuid = {0FDEA00F-C151-4818-8306-9961EF59760A}
	EndGlobalSection
EndGlobal
